
Microsoft Visual Studio Solution File, Format Version 12.00
# Visual Studio Version 17
VisualStudioVersion = 17.7.34009.444
MinimumVisualStudioVersion = 10.0.40219.1
Project("{9A19103F-16F7-4668-BE54-9A1E7A4F7556}") = "Market.Shared", "Market.Shared\Market.Shared.csproj", "{85372A8F-BBD6-484A-8863-753B2DF827CC}"
EndProject
Project("{9A19103F-16F7-4668-BE54-9A1E7A4F7556}") = "Market.API", "Market.API\Market.API.csproj", "{C55486F9-313F-4B93-B92C-C8D1D598C7F8}"
EndProject
Project("{9A19103F-16F7-4668-BE54-9A1E7A4F7556}") = "Market.WEB", "Market.WEB\Market.WEB.csproj", "{097FE37B-F579-444E-935B-22E1A836FC8C}"
EndProject
Project("{9A19103F-16F7-4668-BE54-9A1E7A4F7556}") = "Market.Mobile", "Market.Mobile\Market.Mobile.csproj", "{A4581138-B95A-4C53-BD31-2C685E5029F4}"
EndProject
Global
	GlobalSection(SolutionConfigurationPlatforms) = preSolution
		Debug|Any CPU = Debug|Any CPU
		Release|Any CPU = Release|Any CPU
	EndGlobalSection
	GlobalSection(ProjectConfigurationPlatforms) = postSolution
		{85372A8F-BBD6-484A-8863-753B2DF827CC}.Debug|Any CPU.ActiveCfg = Debug|Any CPU
		{85372A8F-BBD6-484A-8863-753B2DF827CC}.Debug|Any CPU.Build.0 = Debug|Any CPU
		{85372A8F-BBD6-484A-8863-753B2DF827CC}.Release|Any CPU.ActiveCfg = Release|Any CPU
		{85372A8F-BBD6-484A-8863-753B2DF827CC}.Release|Any CPU.Build.0 = Release|Any CPU
		{C55486F9-313F-4B93-B92C-C8D1D598C7F8}.Debug|Any CPU.ActiveCfg = Debug|Any CPU
		{C55486F9-313F-4B93-B92C-C8D1D598C7F8}.Debug|Any CPU.Build.0 = Debug|Any CPU
		{C55486F9-313F-4B93-B92C-C8D1D598C7F8}.Release|Any CPU.ActiveCfg = Release|Any CPU
		{C55486F9-313F-4B93-B92C-C8D1D598C7F8}.Release|Any CPU.Build.0 = Release|Any CPU
		{097FE37B-F579-444E-935B-22E1A836FC8C}.Debug|Any CPU.ActiveCfg = Debug|Any CPU
		{097FE37B-F579-444E-935B-22E1A836FC8C}.Debug|Any CPU.Build.0 = Debug|Any CPU
		{097FE37B-F579-444E-935B-22E1A836FC8C}.Release|Any CPU.ActiveCfg = Release|Any CPU
		{097FE37B-F579-444E-935B-22E1A836FC8C}.Release|Any CPU.Build.0 = Release|Any CPU
		{A4581138-B95A-4C53-BD31-2C685E5029F4}.Debug|Any CPU.ActiveCfg = Debug|Any CPU
		{A4581138-B95A-4C53-BD31-2C685E5029F4}.Debug|Any CPU.Build.0 = Debug|Any CPU
		{A4581138-B95A-4C53-BD31-2C685E5029F4}.Debug|Any CPU.Deploy.0 = Debug|Any CPU
		{A4581138-B95A-4C53-BD31-2C685E5029F4}.Release|Any CPU.ActiveCfg = Release|Any CPU
		{A4581138-B95A-4C53-BD31-2C685E5029F4}.Release|Any CPU.Build.0 = Release|Any CPU
		{A4581138-B95A-4C53-BD31-2C685E5029F4}.Release|Any CPU.Deploy.0 = Release|Any CPU
	EndGlobalSection
	GlobalSection(SolutionProperties) = preSolution
		HideSolutionNode = FALSE
	EndGlobalSection
	GlobalSection(ExtensibilityGlobals) = postSolution
		SolutionGuid = {F601558B-4A15-436B-A952-5D214473AC1D}
	EndGlobalSection
EndGlobal
